
Microsoft Visual Studio Solution File, Format Version 12.00
# Visual Studio 15
VisualStudioVersion = 15.0.28307.271
MinimumVisualStudioVersion = 10.0.40219.1
Project("{9A19103F-16F7-4668-BE54-9A1E7A4F7556}") = "DBLayerPOC", "DBLayerPOC\DBLayerPOC.csproj", "{3B5DB060-0538-43B6-8521-AC73BF9C6555}"
EndProject
Project("{9A19103F-16F7-4668-BE54-9A1E7A4F7556}") = "TransportWebAPI", "TransportWebAPI\TransportWebAPI.csproj", "{43420F95-B1F3-4E9F-8D6A-3B695E077886}"
EndProject
Project("{9A19103F-16F7-4668-BE54-9A1E7A4F7556}") = "Repository", "DomainModel\Repository.csproj", "{ED61AC96-BCC4-4F9F-A339-E50A3B3E9BC3}"
EndProject
Project("{FAE04EC0-301F-11D3-BF4B-00C04F79EFBC}") = "AngularClientApp", "AngularClientApp\AngularClientApp.csproj", "{069776B2-8933-450D-BEFD-02279F17CAA6}"
EndProject
Global
	GlobalSection(SolutionConfigurationPlatforms) = preSolution
		Debug|Any CPU = Debug|Any CPU
		Release|Any CPU = Release|Any CPU
	EndGlobalSection
	GlobalSection(ProjectConfigurationPlatforms) = postSolution
		{3B5DB060-0538-43B6-8521-AC73BF9C6555}.Debug|Any CPU.ActiveCfg = Debug|Any CPU
		{3B5DB060-0538-43B6-8521-AC73BF9C6555}.Debug|Any CPU.Build.0 = Debug|Any CPU
		{3B5DB060-0538-43B6-8521-AC73BF9C6555}.Release|Any CPU.ActiveCfg = Release|Any CPU
		{3B5DB060-0538-43B6-8521-AC73BF9C6555}.Release|Any CPU.Build.0 = Release|Any CPU
		{43420F95-B1F3-4E9F-8D6A-3B695E077886}.Debug|Any CPU.ActiveCfg = Debug|Any CPU
		{43420F95-B1F3-4E9F-8D6A-3B695E077886}.Debug|Any CPU.Build.0 = Debug|Any CPU
		{43420F95-B1F3-4E9F-8D6A-3B695E077886}.Release|Any CPU.ActiveCfg = Release|Any CPU
		{43420F95-B1F3-4E9F-8D6A-3B695E077886}.Release|Any CPU.Build.0 = Release|Any CPU
		{ED61AC96-BCC4-4F9F-A339-E50A3B3E9BC3}.Debug|Any CPU.ActiveCfg = Debug|Any CPU
		{ED61AC96-BCC4-4F9F-A339-E50A3B3E9BC3}.Debug|Any CPU.Build.0 = Debug|Any CPU
		{ED61AC96-BCC4-4F9F-A339-E50A3B3E9BC3}.Release|Any CPU.ActiveCfg = Release|Any CPU
		{ED61AC96-BCC4-4F9F-A339-E50A3B3E9BC3}.Release|Any CPU.Build.0 = Release|Any CPU
		{069776B2-8933-450D-BEFD-02279F17CAA6}.Debug|Any CPU.ActiveCfg = Debug|Any CPU
		{069776B2-8933-450D-BEFD-02279F17CAA6}.Debug|Any CPU.Build.0 = Debug|Any CPU
		{069776B2-8933-450D-BEFD-02279F17CAA6}.Release|Any CPU.ActiveCfg = Release|Any CPU
		{069776B2-8933-450D-BEFD-02279F17CAA6}.Release|Any CPU.Build.0 = Release|Any CPU
	EndGlobalSection
	GlobalSection(SolutionProperties) = preSolution
		HideSolutionNode = FALSE
	EndGlobalSection
	GlobalSection(ExtensibilityGlobals) = postSolution
		SolutionGuid = {894CC98C-315D-4A4C-930E-A914A65EA93A}
	EndGlobalSection
EndGlobal
